
Microsoft Visual Studio Solution File, Format Version 12.00
# Visual Studio Version 16
VisualStudioVersion = 16.0.30011.22
MinimumVisualStudioVersion = 10.0.40219.1
Project("{9A19103F-16F7-4668-BE54-9A1E7A4F7556}") = "ESORR", "Susu\Susu\ESORR.csproj", "{2987D1F4-E02E-4273-AEF5-2BFCDB53A555}"
EndProject
Project("{FAE04EC0-301F-11D3-BF4B-00C04F79EFBC}") = "ESORR.Android", "Susu\Susu.Android\ESORR.Android.csproj", "{CC7A72A6-FBE4-48BA-B111-530AD8B861D0}"
EndProject
Project("{FAE04EC0-301F-11D3-BF4B-00C04F79EFBC}") = "ESORR.iOS", "Susu\Susu.iOS\ESORR.iOS.csproj", "{C7C80992-C0BF-4ED9-9B04-B34046564DC5}"
EndProject
Global
	GlobalSection(SolutionConfigurationPlatforms) = preSolution
		Ad-Hoc|Any CPU = Ad-Hoc|Any CPU
		Ad-Hoc|iPhone = Ad-Hoc|iPhone
		Ad-Hoc|iPhoneSimulator = Ad-Hoc|iPhoneSimulator
		AppStore|Any CPU = AppStore|Any CPU
		AppStore|iPhone = AppStore|iPhone
		AppStore|iPhoneSimulator = AppStore|iPhoneSimulator
		Debug|Any CPU = Debug|Any CPU
		Debug|iPhone = Debug|iPhone
		Debug|iPhoneSimulator = Debug|iPhoneSimulator
		Release|Any CPU = Release|Any CPU
		Release|iPhone = Release|iPhone
		Release|iPhoneSimulator = Release|iPhoneSimulator
	EndGlobalSection
	GlobalSection(ProjectConfigurationPlatforms) = postSolution
		{2987D1F4-E02E-4273-AEF5-2BFCDB53A555}.Ad-Hoc|Any CPU.ActiveCfg = Debug|Any CPU
		{2987D1F4-E02E-4273-AEF5-2BFCDB53A555}.Ad-Hoc|Any CPU.Build.0 = Debug|Any CPU
		{2987D1F4-E02E-4273-AEF5-2BFCDB53A555}.Ad-Hoc|iPhone.ActiveCfg = Debug|Any CPU
		{2987D1F4-E02E-4273-AEF5-2BFCDB53A555}.Ad-Hoc|iPhone.Build.0 = Debug|Any CPU
		{2987D1F4-E02E-4273-AEF5-2BFCDB53A555}.Ad-Hoc|iPhoneSimulator.ActiveCfg = Debug|Any CPU
		{2987D1F4-E02E-4273-AEF5-2BFCDB53A555}.Ad-Hoc|iPhoneSimulator.Build.0 = Debug|Any CPU
		{2987D1F4-E02E-4273-AEF5-2BFCDB53A555}.AppStore|Any CPU.ActiveCfg = Debug|Any CPU
		{2987D1F4-E02E-4273-AEF5-2BFCDB53A555}.AppStore|Any CPU.Build.0 = Debug|Any CPU
		{2987D1F4-E02E-4273-AEF5-2BFCDB53A555}.AppStore|iPhone.ActiveCfg = Debug|Any CPU
		{2987D1F4-E02E-4273-AEF5-2BFCDB53A555}.AppStore|iPhone.Build.0 = Debug|Any CPU
		{2987D1F4-E02E-4273-AEF5-2BFCDB53A555}.AppStore|iPhoneSimulator.ActiveCfg = Debug|Any CPU
		{2987D1F4-E02E-4273-AEF5-2BFCDB53A555}.AppStore|iPhoneSimulator.Build.0 = Debug|Any CPU
		{2987D1F4-E02E-4273-AEF5-2BFCDB53A555}.Debug|Any CPU.ActiveCfg = Debug|Any CPU
		{2987D1F4-E02E-4273-AEF5-2BFCDB53A555}.Debug|Any CPU.Build.0 = Debug|Any CPU
		{2987D1F4-E02E-4273-AEF5-2BFCDB53A555}.Debug|iPhone.ActiveCfg = Debug|Any CPU
		{2987D1F4-E02E-4273-AEF5-2BFCDB53A555}.Debug|iPhone.Build.0 = Debug|Any CPU
		{2987D1F4-E02E-4273-AEF5-2BFCDB53A555}.Debug|iPhoneSimulator.ActiveCfg = Debug|Any CPU
		{2987D1F4-E02E-4273-AEF5-2BFCDB53A555}.Debug|iPhoneSimulator.Build.0 = Debug|Any CPU
		{2987D1F4-E02E-4273-AEF5-2BFCDB53A555}.Release|Any CPU.ActiveCfg = Release|Any CPU
		{2987D1F4-E02E-4273-AEF5-2BFCDB53A555}.Release|Any CPU.Build.0 = Release|Any CPU
		{2987D1F4-E02E-4273-AEF5-2BFCDB53A555}.Release|iPhone.ActiveCfg = Release|Any CPU
		{2987D1F4-E02E-4273-AEF5-2BFCDB53A555}.Release|iPhone.Build.0 = Release|Any CPU
		{2987D1F4-E02E-4273-AEF5-2BFCDB53A555}.Release|iPhoneSimulator.ActiveCfg = Release|Any CPU
		{2987D1F4-E02E-4273-AEF5-2BFCDB53A555}.Release|iPhoneSimulator.Build.0 = Release|Any CPU
		{CC7A72A6-FBE4-48BA-B111-530AD8B861D0}.Ad-Hoc|Any CPU.ActiveCfg = Release|Any CPU
		{CC7A72A6-FBE4-48BA-B111-530AD8B861D0}.Ad-Hoc|Any CPU.Build.0 = Release|Any CPU
		{CC7A72A6-FBE4-48BA-B111-530AD8B861D0}.Ad-Hoc|Any CPU.Deploy.0 = Release|Any CPU
		{CC7A72A6-FBE4-48BA-B111-530AD8B861D0}.Ad-Hoc|iPhone.ActiveCfg = Release|Any CPU
		{CC7A72A6-FBE4-48BA-B111-530AD8B861D0}.Ad-Hoc|iPhone.Build.0 = Release|Any CPU
		{CC7A72A6-FBE4-48BA-B111-530AD8B861D0}.Ad-Hoc|iPhone.Deploy.0 = Release|Any CPU
		{CC7A72A6-FBE4-48BA-B111-530AD8B861D0}.Ad-Hoc|iPhoneSimulator.ActiveCfg = Release|Any CPU
		{CC7A72A6-FBE4-48BA-B111-530AD8B861D0}.Ad-Hoc|iPhoneSimulator.Build.0 = Release|Any CPU
		{CC7A72A6-FBE4-48BA-B111-530AD8B861D0}.Ad-Hoc|iPhoneSimulator.Deploy.0 = Release|Any CPU
		{CC7A72A6-FBE4-48BA-B111-530AD8B861D0}.AppStore|Any CPU.ActiveCfg = Release|Any CPU
		{CC7A72A6-FBE4-48BA-B111-530AD8B861D0}.AppStore|Any CPU.Build.0 = Release|Any CPU
		{CC7A72A6-FBE4-48BA-B111-530AD8B861D0}.AppStore|Any CPU.Deploy.0 = Release|Any CPU
		{CC7A72A6-FBE4-48BA-B111-530AD8B861D0}.AppStore|iPhone.ActiveCfg = Release|Any CPU
		{CC7A72A6-FBE4-48BA-B111-530AD8B861D0}.AppStore|iPhone.Build.0 = Release|Any CPU
		{CC7A72A6-FBE4-48BA-B111-530AD8B861D0}.AppStore|iPhone.Deploy.0 = Release|Any CPU
		{CC7A72A6-FBE4-48BA-B111-530AD8B861D0}.AppStore|iPhoneSimulator.ActiveCfg = Release|Any CPU
		{CC7A72A6-FBE4-48BA-B111-530AD8B861D0}.AppStore|iPhoneSimulator.Build.0 = Release|Any CPU
		{CC7A72A6-FBE4-48BA-B111-530AD8B861D0}.AppStore|iPhoneSimulator.Deploy.0 = Release|Any CPU
		{CC7A72A6-FBE4-48BA-B111-530AD8B861D0}.Debug|Any CPU.ActiveCfg = Debug|Any CPU
		{CC7A72A6-FBE4-48BA-B111-530AD8B861D0}.Debug|Any CPU.Build.0 = Debug|Any CPU
		{CC7A72A6-FBE4-48BA-B111-530AD8B861D0}.Debug|Any CPU.Deploy.0 = Debug|Any CPU
		{CC7A72A6-FBE4-48BA-B111-530AD8B861D0}.Debug|iPhone.ActiveCfg = Debug|Any CPU
		{CC7A72A6-FBE4-48BA-B111-530AD8B861D0}.Debug|iPhone.Build.0 = Debug|Any CPU
		{CC7A72A6-FBE4-48BA-B111-530AD8B861D0}.Debug|iPhone.Deploy.0 = Debug|Any CPU
		{CC7A72A6-FBE4-48BA-B111-530AD8B861D0}.Debug|iPhoneSimulator.ActiveCfg = Debug|Any CPU
		{CC7A72A6-FBE4-48BA-B111-530AD8B861D0}.Debug|iPhoneSimulator.Build.0 = Debug|Any CPU
		{CC7A72A6-FBE4-48BA-B111-530AD8B861D0}.Debug|iPhoneSimulator.Deploy.0 = Debug|Any CPU
		{CC7A72A6-FBE4-48BA-B111-530AD8B861D0}.Release|Any CPU.ActiveCfg = Release|Any CPU
		{CC7A72A6-FBE4-48BA-B111-530AD8B861D0}.Release|Any CPU.Build.0 = Release|Any CPU
		{CC7A72A6-FBE4-48BA-B111-530AD8B861D0}.Release|Any CPU.Deploy.0 = Release|Any CPU
		{CC7A72A6-FBE4-48BA-B111-530AD8B861D0}.Release|iPhone.ActiveCfg = Release|Any CPU
		{CC7A72A6-FBE4-48BA-B111-530AD8B861D0}.Release|iPhone.Build.0 = Release|Any CPU
		{CC7A72A6-FBE4-48BA-B111-530AD8B861D0}.Release|iPhone.Deploy.0 = Release|Any CPU
		{CC7A72A6-FBE4-48BA-B111-530AD8B861D0}.Release|iPhoneSimulator.ActiveCfg = Release|Any CPU
		{CC7A72A6-FBE4-48BA-B111-530AD8B861D0}.Release|iPhoneSimulator.Build.0 = Release|Any CPU
		{CC7A72A6-FBE4-48BA-B111-530AD8B861D0}.Release|iPhoneSimulator.Deploy.0 = Release|Any CPU
		{C7C80992-C0BF-4ED9-9B04-B34046564DC5}.Ad-Hoc|Any CPU.ActiveCfg = Ad-Hoc|iPhone
		{C7C80992-C0BF-4ED9-9B04-B34046564DC5}.Ad-Hoc|iPhone.ActiveCfg = Ad-Hoc|iPhone
		{C7C80992-C0BF-4ED9-9B04-B34046564DC5}.Ad-Hoc|iPhone.Build.0 = Ad-Hoc|iPhone
		{C7C80992-C0BF-4ED9-9B04-B34046564DC5}.Ad-Hoc|iPhoneSimulator.ActiveCfg = Ad-Hoc|iPhoneSimulator
		{C7C80992-C0BF-4ED9-9B04-B34046564DC5}.Ad-Hoc|iPhoneSimulator.Build.0 = Ad-Hoc|iPhoneSimulator
		{C7C80992-C0BF-4ED9-9B04-B34046564DC5}.AppStore|Any CPU.ActiveCfg = AppStore|iPhone
		{C7C80992-C0BF-4ED9-9B04-B34046564DC5}.AppStore|iPhone.ActiveCfg = AppStore|iPhone
		{C7C80992-C0BF-4ED9-9B04-B34046564DC5}.AppStore|iPhone.Build.0 = AppStore|iPhone
		{C7C80992-C0BF-4ED9-9B04-B34046564DC5}.AppStore|iPhoneSimulator.ActiveCfg = AppStore|iPhoneSimulator
		{C7C80992-C0BF-4ED9-9B04-B34046564DC5}.AppStore|iPhoneSimulator.Build.0 = AppStore|iPhoneSimulator
		{C7C80992-C0BF-4ED9-9B04-B34046564DC5}.Debug|Any CPU.ActiveCfg = Debug|iPhone
		{C7C80992-C0BF-4ED9-9B04-B34046564DC5}.Debug|Any CPU.Build.0 = Debug|iPhone
		{C7C80992-C0BF-4ED9-9B04-B34046564DC5}.Debug|Any CPU.Deploy.0 = Debug|iPhone
		{C7C80992-C0BF-4ED9-9B04-B34046564DC5}.Debug|iPhone.ActiveCfg = Debug|iPhone
		{C7C80992-C0BF-4ED9-9B04-B34046564DC5}.Debug|iPhone.Build.0 = Debug|iPhone
		{C7C80992-C0BF-4ED9-9B04-B34046564DC5}.Debug|iPhoneSimulator.ActiveCfg = Debug|iPhoneSimulator
		{C7C80992-C0BF-4ED9-9B04-B34046564DC5}.Debug|iPhoneSimulator.Build.0 = Debug|iPhoneSimulator
		{C7C80992-C0BF-4ED9-9B04-B34046564DC5}.Release|Any CPU.ActiveCfg = Release|iPhone
		{C7C80992-C0BF-4ED9-9B04-B34046564DC5}.Release|iPhone.ActiveCfg = Release|iPhone
		{C7C80992-C0BF-4ED9-9B04-B34046564DC5}.Release|iPhone.Build.0 = Release|iPhone
		{C7C80992-C0BF-4ED9-9B04-B34046564DC5}.Release|iPhoneSimulator.ActiveCfg = Release|iPhoneSimulator
		{C7C80992-C0BF-4ED9-9B04-B34046564DC5}.Release|iPhoneSimulator.Build.0 = Release|iPhoneSimulator
	EndGlobalSection
	GlobalSection(SolutionProperties) = preSolution
		HideSolutionNode = FALSE
	EndGlobalSection
	GlobalSection(ExtensibilityGlobals) = postSolution
		SolutionGuid = {8B667AF4-D63F-41FB-806B-2CFC54900C78}
	EndGlobalSection
EndGlobal
